
Microsoft Visual Studio Solution File, Format Version 12.00
# Visual Studio Version 16
VisualStudioVersion = 16.0.31424.327
MinimumVisualStudioVersion = 10.0.40219.1
Project("{9A19103F-16F7-4668-BE54-9A1E7A4F7556}") = "ASMinesweeperGame", "ASMinesweeperGame\ASMinesweeperGame.csproj", "{7F9D3138-2E84-48FC-8D49-5E1437A7DCAF}"
EndProject
Global
	GlobalSection(SolutionConfigurationPlatforms) = preSolution
		Debug|Any CPU = Debug|Any CPU
		Release|Any CPU = Release|Any CPU
	EndGlobalSection
	GlobalSection(ProjectConfigurationPlatforms) = postSolution
		{7F9D3138-2E84-48FC-8D49-5E1437A7DCAF}.Debug|Any CPU.ActiveCfg = Debug|Any CPU
		{7F9D3138-2E84-48FC-8D49-5E1437A7DCAF}.Debug|Any CPU.Build.0 = Debug|Any CPU
		{7F9D3138-2E84-48FC-8D49-5E1437A7DCAF}.Release|Any CPU.ActiveCfg = Release|Any CPU
		{7F9D3138-2E84-48FC-8D49-5E1437A7DCAF}.Release|Any CPU.Build.0 = Release|Any CPU
	EndGlobalSection
	GlobalSection(SolutionProperties) = preSolution
		HideSolutionNode = FALSE
	EndGlobalSection
	GlobalSection(ExtensibilityGlobals) = postSolution
		SolutionGuid = {E34D68A0-F549-4E7F-A1CC-FED2E24C36C3}
	EndGlobalSection
EndGlobal
